github.com/ispras/gopython v0.2.1 h1:b/PSGAx/NyyguCIYEfntGpSS07SRI5OWXryR6HVUdsA=
github.com/ispras/gopython v0.2.1/go.mod h1:m0OwAAwZkxs2fo9EP6XakjOu1rlprxRjCGyusAoXgPE=
github.com/ispras/gopython v0.2.2 h1:ybbxej/aDgSt9wBYLkja+nXlizWbeusYL0FOYG550uM=
github.com/ispras/gopython v0.2.2/go.mod h1:m0OwAAwZkxs2fo9EP6XakjOu1rlprxRjCGyusAoXgPE=
